// !$*UTF8*$!
{
	archiveVersion = 1;
	classes = {
	};
	objectVersion = 51;
	objects = {

/* Begin PBXBuildFile section */
		013263292623DB3600908F61 /* AppDelegate.m in Sources */ = {isa = PBXBuildFile; fileRef = 013263282623DB3600908F61 /* AppDelegate.m */; };
		0132632C2623DB3600908F61 /* SceneDelegate.m in Sources */ = {isa = PBXBuildFile; fileRef = 0132632B2623DB3600908F61 /* SceneDelegate.m */; };
		0132632F2623DB3600908F61 /* ViewController.m in Sources */ = {isa = PBXBuildFile; fileRef = 0132632E2623DB3600908F61 /* ViewController.m */; };
		013263322623DB3600908F61 /* Main.storyboard in Resources */ = {isa = PBXBuildFile; fileRef = 013263302623DB3600908F61 /* Main.storyboard */; };
		013263342623DB3900908F61 /* Assets.xcassets in Resources */ = {isa = PBXBuildFile; fileRef = 013263332623DB3900908F61 /* Assets.xcassets */; };
		013263372623DB3900908F61 /* LaunchScreen.storyboard in Resources */ = {isa = PBXBuildFile; fileRef = 013263352623DB3900908F61 /* LaunchScreen.storyboard */; };
		0132633A2623DB3900908F61 /* main.m in Sources */ = {isa = PBXBuildFile; fileRef = 013263392623DB3900908F61 /* main.m */; };
		013263442623DB3900908F61 /* MTHotPatch_RNTests.m in Sources */ = {isa = PBXBuildFile; fileRef = 013263432623DB3900908F61 /* MTHotPatch_RNTests.m */; };
		0132634F2623DB3900908F61 /* MTHotPatch_RNUITests.m in Sources */ = {isa = PBXBuildFile; fileRef = 0132634E2623DB3900908F61 /* MTHotPatch_RNUITests.m */; };
		013263622623DC0100908F61 /* HotPatchManage.m in Sources */ = {isa = PBXBuildFile; fileRef = 013263612623DC0100908F61 /* HotPatchManage.m */; };
		6173E7F3E2CED31DB4E806F3 /* Pods_MTHotPatch_RN.framework in Frameworks */ = {isa = PBXBuildFile; fileRef = 10482FE91815B86CCA318E4E /* Pods_MTHotPatch_RN.framework */; };
		C17CDEC7D95F03F18D4DE09C /* Pods_MTHotPatch_RNTests.framework in Frameworks */ = {isa = PBXBuildFile; fileRef = 35D6D499EE7571088EC11F24 /* Pods_MTHotPatch_RNTests.framework */; };
		EE05B2D180C22BCC85A23D1D /* Pods_MTHotPatch_RN_MTHotPatch_RNUITests.framework in Frameworks */ = {isa = PBXBuildFile; fileRef = B57F5F0A1D762F8FE0655F12 /* Pods_MTHotPatch_RN_MTHotPatch_RNUITests.framework */; };
/* End PBXBuildFile section */

/* Begin PBXContainerItemProxy section */
		013263402623DB3900908F61 /* PBXContainerItemProxy */ = {
			isa = PBXContainerItemProxy;
			containerPortal = 0132631C2623DB3600908F61 /* Project object */;
			proxyType = 1;
			remoteGlobalIDString = 013263232623DB3600908F61;
			remoteInfo = "MTHotPatch-RN";
		};
		0132634B2623DB3900908F61 /* PBXContainerItemProxy */ = {
			isa = PBXContainerItemProxy;
			containerPortal = 0132631C2623DB3600908F61 /* Project object */;
			proxyType = 1;
			remoteGlobalIDString = 013263232623DB3600908F61;
			remoteInfo = "MTHotPatch-RN";
		};
/* End PBXContainerItemProxy section */

/* Begin PBXFileReference section */
		013263242623DB3600908F61 /* MTHotPatch-RN.app */ = {isa = PBXFileReference; explicitFileType = wrapper.application; includeInIndex = 0; path = "MTHotPatch-RN.app"; sourceTree = BUILT_PRODUCTS_DIR; };
		013263272623DB3600908F61 /* AppDelegate.h */ = {isa = PBXFileReference; lastKnownFileType = sourcecode.c.h; path = AppDelegate.h; sourceTree = "<group>"; };
		013263282623DB3600908F61 /* AppDelegate.m */ = {isa = PBXFileReference; lastKnownFileType = sourcecode.c.objc; path = AppDelegate.m; sourceTree = "<group>"; };
		0132632A2623DB3600908F61 /* SceneDelegate.h */ = {isa = PBXFileReference; lastKnownFileType = sourcecode.c.h; path = SceneDelegate.h; sourceTree = "<group>"; };
		0132632B2623DB3600908F61 /* SceneDelegate.m */ = {isa = PBXFileReference; lastKnownFileType = sourcecode.c.objc; path = SceneDelegate.m; sourceTree = "<group>"; };
		0132632D2623DB3600908F61 /* ViewController.h */ = {isa = PBXFileReference; lastKnownFileType = sourcecode.c.h; path = ViewController.h; sourceTree = "<group>"; };
		0132632E2623DB3600908F61 /* ViewController.m */ = {isa = PBXFileReference; lastKnownFileType = sourcecode.c.objc; path = ViewController.m; sourceTree = "<group>"; };
		013263312623DB3600908F61 /* Base */ = {isa = PBXFileReference; lastKnownFileType = file.storyboard; name = Base; path = Base.lproj/Main.storyboard; sourceTree = "<group>"; };
		013263332623DB3900908F61 /* Assets.xcassets */ = {isa = PBXFileReference; lastKnownFileType = folder.assetcatalog; path = Assets.xcassets; sourceTree = "<group>"; };
		013263362623DB3900908F61 /* Base */ = {isa = PBXFileReference; lastKnownFileType = file.storyboard; name = Base; path = Base.lproj/LaunchScreen.storyboard; sourceTree = "<group>"; };
		013263382623DB3900908F61 /* Info.plist */ = {isa = PBXFileReference; lastKnownFileType = text.plist.xml; path = Info.plist; sourceTree = "<group>"; };
		013263392623DB3900908F61 /* main.m */ = {isa = PBXFileReference; lastKnownFileType = sourcecode.c.objc; path = main.m; sourceTree = "<group>"; };
		0132633F2623DB3900908F61 /* MTHotPatch-RNTests.xctest */ = {isa = PBXFileReference; explicitFileType = wrapper.cfbundle; includeInIndex = 0; path = "MTHotPatch-RNTests.xctest"; sourceTree = BUILT_PRODUCTS_DIR; };
		013263432623DB3900908F61 /* MTHotPatch_RNTests.m */ = {isa = PBXFileReference; lastKnownFileType = sourcecode.c.objc; path = MTHotPatch_RNTests.m; sourceTree = "<group>"; };
		013263452623DB3900908F61 /* Info.plist */ = {isa = PBXFileReference; lastKnownFileType = text.plist.xml; path = Info.plist; sourceTree = "<group>"; };
		0132634A2623DB3900908F61 /* MTHotPatch-RNUITests.xctest */ = {isa = PBXFileReference; explicitFileType = wrapper.cfbundle; includeInIndex = 0; path = "MTHotPatch-RNUITests.xctest"; sourceTree = BUILT_PRODUCTS_DIR; };
		0132634E2623DB3900908F61 /* MTHotPatch_RNUITests.m */ = {isa = PBXFileReference; lastKnownFileType = sourcecode.c.objc; path = MTHotPatch_RNUITests.m; sourceTree = "<group>"; };
		013263502623DB3900908F61 /* Info.plist */ = {isa = PBXFileReference; lastKnownFileType = text.plist.xml; path = Info.plist; sourceTree = "<group>"; };
		013263602623DC0100908F61 /* HotPatchManage.h */ = {isa = PBXFileReference; fileEncoding = 4; lastKnownFileType = sourcecode.c.h; path = HotPatchManage.h; sourceTree = "<group>"; };
		013263612623DC0100908F61 /* HotPatchManage.m */ = {isa = PBXFileReference; fileEncoding = 4; lastKnownFileType = sourcecode.c.objc; path = HotPatchManage.m; sourceTree = "<group>"; };
		10482FE91815B86CCA318E4E /* Pods_MTHotPatch_RN.framework */ = {isa = PBXFileReference; explicitFileType = wrapper.framework; includeInIndex = 0; path = Pods_MTHotPatch_RN.framework; sourceTree = BUILT_PRODUCTS_DIR; };
		320A14BE3BEED88CCA07719B /* Pods-MTHotPatch-RN-MTHotPatch-RNUITests.debug.xcconfig */ = {isa = PBXFileReference; includeInIndex = 1; lastKnownFileType = text.xcconfig; name = "Pods-MTHotPatch-RN-MTHotPatch-RNUITests.debug.xcconfig"; path = "Target Support Files/Pods-MTHotPatch-RN-MTHotPatch-RNUITests/Pods-MTHotPatch-RN-MTHotPatch-RNUITests.debug.xcconfig"; sourceTree = "<group>"; };
		35D6D499EE7571088EC11F24 /* Pods_MTHotPatch_RNTests.framework */ = {isa = PBXFileReference; explicitFileType = wrapper.framework; includeInIndex = 0; path = Pods_MTHotPatch_RNTests.framework; sourceTree = BUILT_PRODUCTS_DIR; };
		40ACC67F0085C3A734D0521C /* Pods-MTHotPatch-RN.debug.xcconfig */ = {isa = PBXFileReference; includeInIndex = 1; lastKnownFileType = text.xcconfig; name = "Pods-MTHotPatch-RN.debug.xcconfig"; path = "Target Support Files/Pods-MTHotPatch-RN/Pods-MTHotPatch-RN.debug.xcconfig"; sourceTree = "<group>"; };
		6800CED1A65B2A168F0502C0 /* Pods-MTHotPatch-RNTests.debug.xcconfig */ = {isa = PBXFileReference; includeInIndex = 1; lastKnownFileType = text.xcconfig; name = "Pods-MTHotPatch-RNTests.debug.xcconfig"; path = "Target Support Files/Pods-MTHotPatch-RNTests/Pods-MTHotPatch-RNTests.debug.xcconfig"; sourceTree = "<group>"; };
		98F7E9867502ACABA72DF96A /* Pods-MTHotPatch-RN-MTHotPatch-RNUITests.release.xcconfig */ = {isa = PBXFileReference; includeInIndex = 1; lastKnownFileType = text.xcconfig; name = "Pods-MTHotPatch-RN-MTHotPatch-RNUITests.release.xcconfig"; path = "Target Support Files/Pods-MTHotPatch-RN-MTHotPatch-RNUITests/Pods-MTHotPatch-RN-MTHotPatch-RNUITests.release.xcconfig"; sourceTree = "<group>"; };
		9E5E7EE92B053330B9059205 /* Pods-MTHotPatch-RNTests.release.xcconfig */ = {isa = PBXFileReference; includeInIndex = 1; lastKnownFileType = text.xcconfig; name = "Pods-MTHotPatch-RNTests.release.xcconfig"; path = "Target Support Files/Pods-MTHotPatch-RNTests/Pods-MTHotPatch-RNTests.release.xcconfig"; sourceTree = "<group>"; };
		B57F5F0A1D762F8FE0655F12 /* Pods_MTHotPatch_RN_MTHotPatch_RNUITests.framework */ = {isa = PBXFileReference; explicitFileType = wrapper.framework; includeInIndex = 0; path = Pods_MTHotPatch_RN_MTHotPatch_RNUITests.framework; sourceTree = BUILT_PRODUCTS_DIR; };
		E56638B20574F6C3881A787A /* Pods-MTHotPatch-RN.release.xcconfig */ = {isa = PBXFileReference; includeInIndex = 1; lastKnownFileType = text.xcconfig; name = "Pods-MTHotPatch-RN.release.xcconfig"; path = "Target Support Files/Pods-MTHotPatch-RN/Pods-MTHotPatch-RN.release.xcconfig"; sourceTree = "<group>"; };
/* End PBXFileReference section */

/* Begin PBXFrameworksBuildPhase section */
		013263212623DB3600908F61 /* Frameworks */ = {
			isa = PBXFrameworksBuildPhase;
			buildActionMask = 2147483647;
			files = (
				6173E7F3E2CED31DB4E806F3 /* Pods_MTHotPatch_RN.framework in Frameworks */,
			);
			runOnlyForDeploymentPostprocessing = 0;
		};
		0132633C2623DB3900908F61 /* Frameworks */ = {
			isa = PBXFrameworksBuildPhase;
			buildActionMask = 2147483647;
			files = (
				C17CDEC7D95F03F18D4DE09C /* Pods_MTHotPatch_RNTests.framework in Frameworks */,
			);
			runOnlyForDeploymentPostprocessing = 0;
		};
		013263472623DB3900908F61 /* Frameworks */ = {
			isa = PBXFrameworksBuildPhase;
			buildActionMask = 2147483647;
			files = (
				EE05B2D180C22BCC85A23D1D /* Pods_MTHotPatch_RN_MTHotPatch_RNUITests.framework in Frameworks */,
			);
			runOnlyForDeploymentPostprocessing = 0;
		};
/* End PBXFrameworksBuildPhase section */

/* Begin PBXGroup section */
		0132631B2623DB3600908F61 = {
			isa = PBXGroup;
			children = (
				013263262623DB3600908F61 /* MTHotPatch-RN */,
				013263422623DB3900908F61 /* MTHotPatch-RNTests */,
				0132634D2623DB3900908F61 /* MTHotPatch-RNUITests */,
				013263252623DB3600908F61 /* Products */,
				E72227CD5902084D64969698 /* Pods */,
				25D5A1CBA2E9793A3CFACB8D /* Frameworks */,
			);
			sourceTree = "<group>";
		};
		013263252623DB3600908F61 /* Products */ = {
			isa = PBXGroup;
			children = (
				013263242623DB3600908F61 /* MTHotPatch-RN.app */,
				0132633F2623DB3900908F61 /* MTHotPatch-RNTests.xctest */,
				0132634A2623DB3900908F61 /* MTHotPatch-RNUITests.xctest */,
			);
			name = Products;
			sourceTree = "<group>";
		};
		013263262623DB3600908F61 /* MTHotPatch-RN */ = {
			isa = PBXGroup;
			children = (
				0132635F2623DC0100908F61 /* HotPatch */,
				013263272623DB3600908F61 /* AppDelegate.h */,
				013263282623DB3600908F61 /* AppDelegate.m */,
				0132632A2623DB3600908F61 /* SceneDelegate.h */,
				0132632B2623DB3600908F61 /* SceneDelegate.m */,
				0132632D2623DB3600908F61 /* ViewController.h */,
				0132632E2623DB3600908F61 /* ViewController.m */,
				013263302623DB3600908F61 /* Main.storyboard */,
				013263332623DB3900908F61 /* Assets.xcassets */,
				013263352623DB3900908F61 /* LaunchScreen.storyboard */,
				013263382623DB3900908F61 /* Info.plist */,
				013263392623DB3900908F61 /* main.m */,
			);
			path = "MTHotPatch-RN";
			sourceTree = "<group>";
		};
		013263422623DB3900908F61 /* MTHotPatch-RNTests */ = {
			isa = PBXGroup;
			children = (
				013263432623DB3900908F61 /* MTHotPatch_RNTests.m */,
				013263452623DB3900908F61 /* Info.plist */,
			);
			path = "MTHotPatch-RNTests";
			sourceTree = "<group>";
		};
		0132634D2623DB3900908F61 /* MTHotPatch-RNUITests */ = {
			isa = PBXGroup;
			children = (
				0132634E2623DB3900908F61 /* MTHotPatch_RNUITests.m */,
				013263502623DB3900908F61 /* Info.plist */,
			);
			path = "MTHotPatch-RNUITests";
			sourceTree = "<group>";
		};
		0132635F2623DC0100908F61 /* HotPatch */ = {
			isa = PBXGroup;
			children = (
				013263602623DC0100908F61 /* HotPatchManage.h */,
				013263612623DC0100908F61 /* HotPatchManage.m */,
			);
			path = HotPatch;
			sourceTree = "<group>";
		};
		25D5A1CBA2E9793A3CFACB8D /* Frameworks */ = {
			isa = PBXGroup;
			children = (
				10482FE91815B86CCA318E4E /* Pods_MTHotPatch_RN.framework */,
				B57F5F0A1D762F8FE0655F12 /* Pods_MTHotPatch_RN_MTHotPatch_RNUITests.framework */,
				35D6D499EE7571088EC11F24 /* Pods_MTHotPatch_RNTests.framework */,
			);
			name = Frameworks;
			sourceTree = "<group>";
		};
		E72227CD5902084D64969698 /* Pods */ = {
			isa = PBXGroup;
			children = (
				40ACC67F0085C3A734D0521C /* Pods-MTHotPatch-RN.debug.xcconfig */,
				E56638B20574F6C3881A787A /* Pods-MTHotPatch-RN.release.xcconfig */,
				320A14BE3BEED88CCA07719B /* Pods-MTHotPatch-RN-MTHotPatch-RNUITests.debug.xcconfig */,
				98F7E9867502ACABA72DF96A /* Pods-MTHotPatch-RN-MTHotPatch-RNUITests.release.xcconfig */,
				6800CED1A65B2A168F0502C0 /* Pods-MTHotPatch-RNTests.debug.xcconfig */,
				9E5E7EE92B053330B9059205 /* Pods-MTHotPatch-RNTests.release.xcconfig */,
			);
			path = Pods;
			sourceTree = "<group>";
		};
/* End PBXGroup section */

/* Begin PBXNativeTarget section */
		013263232623DB3600908F61 /* MTHotPatch-RN */ = {
			isa = PBXNativeTarget;
			buildConfigurationList = 013263532623DB3900908F61 /* Build configuration list for PBXNativeTarget "MTHotPatch-RN" */;
			buildPhases = (
				A77A43838C51D7461B904908 /* [CP] Check Pods Manifest.lock */,
				013263202623DB3600908F61 /* Sources */,
				013263212623DB3600908F61 /* Frameworks */,
				013263222623DB3600908F61 /* Resources */,
				8A84C081E01050B9721D4548 /* [CP] Embed Pods Frameworks */,
			);
			buildRules = (
			);
			dependencies = (
			);
			name = "MTHotPatch-RN";
			productName = "MTHotPatch-RN";
			productReference = 013263242623DB3600908F61 /* MTHotPatch-RN.app */;
			productType = "com.apple.product-type.application";
		};
		0132633E2623DB3900908F61 /* MTHotPatch-RNTests */ = {
			isa = PBXNativeTarget;
			buildConfigurationList = 013263562623DB3900908F61 /* Build configuration list for PBXNativeTarget "MTHotPatch-RNTests" */;
			buildPhases = (
				96D7F6A17055F8B8E62758A1 /* [CP] Check Pods Manifest.lock */,
				0132633B2623DB3900908F61 /* Sources */,
				0132633C2623DB3900908F61 /* Frameworks */,
				0132633D2623DB3900908F61 /* Resources */,
			);
			buildRules = (
			);
			dependencies = (
				013263412623DB3900908F61 /* PBXTargetDependency */,
			);
			name = "MTHotPatch-RNTests";
			productName = "MTHotPatch-RNTests";
			productReference = 0132633F2623DB3900908F61 /* MTHotPatch-RNTests.xctest */;
			productType = "com.apple.product-type.bundle.unit-test";
		};
		013263492623DB3900908F61 /* MTHotPatch-RNUITests */ = {
			isa = PBXNativeTarget;
			buildConfigurationList = 013263592623DB3900908F61 /* Build configuration list for PBXNativeTarget "MTHotPatch-RNUITests" */;
			buildPhases = (
				D652A79DC12F1186D9539CFE /* [CP] Check Pods Manifest.lock */,
				013263462623DB3900908F61 /* Sources */,
				013263472623DB3900908F61 /* Frameworks */,
				013263482623DB3900908F61 /* Resources */,
				17D150AAD1B2C92D29EA6F07 /* [CP] Embed Pods Frameworks */,
			);
			buildRules = (
			);
			dependencies = (
				0132634C2623DB3900908F61 /* PBXTargetDependency */,
			);
			name = "MTHotPatch-RNUITests";
			productName = "MTHotPatch-RNUITests";
			productReference = 0132634A2623DB3900908F61 /* MTHotPatch-RNUITests.xctest */;
			productType = "com.apple.product-type.bundle.ui-testing";
		};
/* End PBXNativeTarget section */

/* Begin PBXProject section */
		0132631C2623DB3600908F61 /* Project object */ = {
			isa = PBXProject;
			attributes = {
				LastUpgradeCheck = 1240;
				TargetAttributes = {
					013263232623DB3600908F61 = {
						CreatedOnToolsVersion = 12.4;
					};
					0132633E2623DB3900908F61 = {
						CreatedOnToolsVersion = 12.4;
						TestTargetID = 013263232623DB3600908F61;
					};
					013263492623DB3900908F61 = {
						CreatedOnToolsVersion = 12.4;
						TestTargetID = 013263232623DB3600908F61;
					};
				};
			};
			buildConfigurationList = 0132631F2623DB3600908F61 /* Build configuration list for PBXProject "MTHotPatch-RN" */;
			compatibilityVersion = "Xcode 9.3";
			developmentRegion = en;
			hasScannedForEncodings = 0;
			knownRegions = (
				en,
				Base,
			);
			mainGroup = 0132631B2623DB3600908F61;
			productRefGroup = 013263252623DB3600908F61 /* Products */;
			projectDirPath = "";
			projectRoot = "";
			targets = (
				013263232623DB3600908F61 /* MTHotPatch-RN */,
				0132633E2623DB3900908F61 /* MTHotPatch-RNTests */,
				013263492623DB3900908F61 /* MTHotPatch-RNUITests */,
			);
		};
/* End PBXProject section */

/* Begin PBXResourcesBuildPhase section */
		013263222623DB3600908F61 /* Resources */ = {
			isa = PBXResourcesBuildPhase;
			buildActionMask = 2147483647;
			files = (
				013263372623DB3900908F61 /* LaunchScreen.storyboard in Resources */,
				013263342623DB3900908F61 /* Assets.xcassets in Resources */,
				013263322623DB3600908F61 /* Main.storyboard in Resources */,
			);
			runOnlyForDeploymentPostprocessing = 0;
		};
		0132633D2623DB3900908F61 /* Resources */ = {
			isa = PBXResourcesBuildPhase;
			buildActionMask = 2147483647;
			files = (
			);
			runOnlyForDeploymentPostprocessing = 0;
		};
		013263482623DB3900908F61 /* Resources */ = {
			isa = PBXResourcesBuildPhase;
			buildActionMask = 2147483647;
			files = (
			);
			runOnlyForDeploymentPostprocessing = 0;
		};
/* End PBXResourcesBuildPhase section */

/* Begin PBXShellScriptBuildPhase section */
		17D150AAD1B2C92D29EA6F07 /* [CP] Embed Pods Frameworks */ = {
			isa = PBXShellScriptBuildPhase;
			buildActionMask = 2147483647;
			files = (
			);
			inputFileListPaths = (
				"${PODS_ROOT}/Target Support Files/Pods-MTHotPatch-RN-MTHotPatch-RNUITests/Pods-MTHotPatch-RN-MTHotPatch-RNUITests-frameworks-${CONFIGURATION}-input-files.xcfilelist",
			);
			name = "[CP] Embed Pods Frameworks";
			outputFileListPaths = (
				"${PODS_ROOT}/Target Support Files/Pods-MTHotPatch-RN-MTHotPatch-RNUITests/Pods-MTHotPatch-RN-MTHotPatch-RNUITests-frameworks-${CONFIGURATION}-output-files.xcfilelist",
			);
			runOnlyForDeploymentPostprocessing = 0;
			shellPath = /bin/sh;
			shellScript = "\"${PODS_ROOT}/Target Support Files/Pods-MTHotPatch-RN-MTHotPatch-RNUITests/Pods-MTHotPatch-RN-MTHotPatch-RNUITests-frameworks.sh\"\n";
			showEnvVarsInLog = 0;
		};
		8A84C081E01050B9721D4548 /* [CP] Embed Pods Frameworks */ = {
			isa = PBXShellScriptBuildPhase;
			buildActionMask = 2147483647;
			files = (
			);
			inputFileListPaths = (
				"${PODS_ROOT}/Target Support Files/Pods-MTHotPatch-RN/Pods-MTHotPatch-RN-frameworks-${CONFIGURATION}-input-files.xcfilelist",
			);
			name = "[CP] Embed Pods Frameworks";
			outputFileListPaths = (
				"${PODS_ROOT}/Target Support Files/Pods-MTHotPatch-RN/Pods-MTHotPatch-RN-frameworks-${CONFIGURATION}-output-files.xcfilelist",
			);
			runOnlyForDeploymentPostprocessing = 0;
			shellPath = /bin/sh;
			shellScript = "\"${PODS_ROOT}/Target Support Files/Pods-MTHotPatch-RN/Pods-MTHotPatch-RN-frameworks.sh\"\n";
			showEnvVarsInLog = 0;
		};
		96D7F6A17055F8B8E62758A1 /* [CP] Check Pods Manifest.lock */ = {
			isa = PBXShellScriptBuildPhase;
			buildActionMask = 2147483647;
			files = (
			);
			inputFileListPaths = (
			);
			inputPaths = (
				"${PODS_PODFILE_DIR_PATH}/Podfile.lock",
				"${PODS_ROOT}/Manifest.lock",
			);
			name = "[CP] Check Pods Manifest.lock";
			outputFileListPaths = (
			);
			outputPaths = (
				"$(DERIVED_FILE_DIR)/Pods-MTHotPatch-RNTests-checkManifestLockResult.txt",
			);
			runOnlyForDeploymentPostprocessing = 0;
			shellPath = /bin/sh;
			shellScript = "diff \"${PODS_PODFILE_DIR_PATH}/Podfile.lock\" \"${PODS_ROOT}/Manifest.lock\" > /dev/null\nif [ $? != 0 ] ; then\n    # print error to STDERR\n    echo \"error: The sandbox is not in sync with the Podfile.lock. Run 'pod install' or update your CocoaPods installation.\" >&2\n    exit 1\nfi\n# This output is used by Xcode 'outputs' to avoid re-running this script phase.\necho \"SUCCESS\" > \"${SCRIPT_OUTPUT_FILE_0}\"\n";
			showEnvVarsInLog = 0;
		};
		A77A43838C51D7461B904908 /* [CP] Check Pods Manifest.lock */ = {
			isa = PBXShellScriptBuildPhase;
			buildActionMask = 2147483647;
			files = (
			);
			inputFileListPaths = (
			);
			inputPaths = (
				"${PODS_PODFILE_DIR_PATH}/Podfile.lock",
				"${PODS_ROOT}/Manifest.lock",
			);
			name = "[CP] Check Pods Manifest.lock";
			outputFileListPaths = (
			);
			outputPaths = (
				"$(DERIVED_FILE_DIR)/Pods-MTHotPatch-RN-checkManifestLockResult.txt",
			);
			runOnlyForDeploymentPostprocessing = 0;
			shellPath = /bin/sh;
			shellScript = "diff \"${PODS_PODFILE_DIR_PATH}/Podfile.lock\" \"${PODS_ROOT}/Manifest.lock\" > /dev/null\nif [ $? != 0 ] ; then\n    # print error to STDERR\n    echo \"error: The sandbox is not in sync with the Podfile.lock. Run 'pod install' or update your CocoaPods installation.\" >&2\n    exit 1\nfi\n# This output is used by Xcode 'outputs' to avoid re-running this script phase.\necho \"SUCCESS\" > \"${SCRIPT_OUTPUT_FILE_0}\"\n";
			showEnvVarsInLog = 0;
		};
		D652A79DC12F1186D9539CFE /* [CP] Check Pods Manifest.lock */ = {
			isa = PBXShellScriptBuildPhase;
			buildActionMask = 2147483647;
			files = (
			);
			inputFileListPaths = (
			);
			inputPaths = (
				"${PODS_PODFILE_DIR_PATH}/Podfile.lock",
				"${PODS_ROOT}/Manifest.lock",
			);
			name = "[CP] Check Pods Manifest.lock";
			outputFileListPaths = (
			);
			outputPaths = (
				"$(DERIVED_FILE_DIR)/Pods-MTHotPatch-RN-MTHotPatch-RNUITests-checkManifestLockResult.txt",
			);
			runOnlyForDeploymentPostprocessing = 0;
			shellPath = /bin/sh;
			shellScript = "diff \"${PODS_PODFILE_DIR_PATH}/Podfile.lock\" \"${PODS_ROOT}/Manifest.lock\" > /dev/null\nif [ $? != 0 ] ; then\n    # print error to STDERR\n    echo \"error: The sandbox is not in sync with the Podfile.lock. Run 'pod install' or update your CocoaPods installation.\" >&2\n    exit 1\nfi\n# This output is used by Xcode 'outputs' to avoid re-running this script phase.\necho \"SUCCESS\" > \"${SCRIPT_OUTPUT_FILE_0}\"\n";
			showEnvVarsInLog = 0;
		};
/* End PBXShellScriptBuildPhase section */

/* Begin PBXSourcesBuildPhase section */
		013263202623DB3600908F61 /* Sources */ = {
			isa = PBXSourcesBuildPhase;
			buildActionMask = 2147483647;
			files = (
				0132632F2623DB3600908F61 /* ViewController.m in Sources */,
				013263622623DC0100908F61 /* HotPatchManage.m in Sources */,
				013263292623DB3600908F61 /* AppDelegate.m in Sources */,
				0132633A2623DB3900908F61 /* main.m in Sources */,
				0132632C2623DB3600908F61 /* SceneDelegate.m in Sources */,
			);
			runOnlyForDeploymentPostprocessing = 0;
		};
		0132633B2623DB3900908F61 /* Sources */ = {
			isa = PBXSourcesBuildPhase;
			buildActionMask = 2147483647;
			files = (
				013263442623DB3900908F61 /* MTHotPatch_RNTests.m in Sources */,
			);
			runOnlyForDeploymentPostprocessing = 0;
		};
		013263462623DB3900908F61 /* Sources */ = {
			isa = PBXSourcesBuildPhase;
			buildActionMask = 2147483647;
			files = (
				0132634F2623DB3900908F61 /* MTHotPatch_RNUITests.m in Sources */,
			);
			runOnlyForDeploymentPostprocessing = 0;
		};
/* End PBXSourcesBuildPhase section */

/* Begin PBXTargetDependency section */
		013263412623DB3900908F61 /* PBXTargetDependency */ = {
			isa = PBXTargetDependency;
			target = 013263232623DB3600908F61 /* MTHotPatch-RN */;
			targetProxy = 013263402623DB3900908F61 /* PBXContainerItemProxy */;
		};
		0132634C2623DB3900908F61 /* PBXTargetDependency */ = {
			isa = PBXTargetDependency;
			target = 013263232623DB3600908F61 /* MTHotPatch-RN */;
			targetProxy = 0132634B2623DB3900908F61 /* PBXContainerItemProxy */;
		};
/* End PBXTargetDependency section */

/* Begin PBXVariantGroup section */
		013263302623DB3600908F61 /* Main.storyboard */ = {
			isa = PBXVariantGroup;
			children = (
				013263312623DB3600908F61 /* Base */,
			);
			name = Main.storyboard;
			sourceTree = "<group>";
		};
		013263352623DB3900908F61 /* LaunchScreen.storyboard */ = {
			isa = PBXVariantGroup;
			children = (
				013263362623DB3900908F61 /* Base */,
			);
			name = LaunchScreen.storyboard;
			sourceTree = "<group>";
		};
/* End PBXVariantGroup section */

/* Begin XCBuildConfiguration section */
		013263512623DB3900908F61 /* Debug */ = {
			isa = XCBuildConfiguration;
			buildSettings = {
				ALWAYS_SEARCH_USER_PATHS = NO;
				CLANG_ANALYZER_NONNULL = YES;
				CLANG_ANALYZER_NUMBER_OBJECT_CONVERSION = YES_AGGRESSIVE;
				CLANG_CXX_LANGUAGE_STANDARD = "gnu++14";
				CLANG_CXX_LIBRARY = "libc++";
				CLANG_ENABLE_MODULES = YES;
				CLANG_ENABLE_OBJC_ARC = YES;
				CLANG_ENABLE_OBJC_WEAK = YES;
				CLANG_WARN_BLOCK_CAPTURE_AUTORELEASING = YES;
				CLANG_WARN_BOOL_CONVERSION = YES;
				CLANG_WARN_COMMA = YES;
				CLANG_WARN_CONSTANT_CONVERSION = YES;
				CLANG_WARN_DEPRECATED_OBJC_IMPLEMENTATIONS = YES;
				CLANG_WARN_DIRECT_OBJC_ISA_USAGE = YES_ERROR;
				CLANG_WARN_DOCUMENTATION_COMMENTS = YES;
				CLANG_WARN_EMPTY_BODY = YES;
				CLANG_WARN_ENUM_CONVERSION = YES;
				CLANG_WARN_INFINITE_RECURSION = YES;
				CLANG_WARN_INT_CONVERSION = YES;
				CLANG_WARN_NON_LITERAL_NULL_CONVERSION = YES;
				CLANG_WARN_OBJC_IMPLICIT_RETAIN_SELF = YES;
				CLANG_WARN_OBJC_LITERAL_CONVERSION = YES;
				CLANG_WARN_OBJC_ROOT_CLASS = YES_ERROR;
				CLANG_WARN_QUOTED_INCLUDE_IN_FRAMEWORK_HEADER = YES;
				CLANG_WARN_RANGE_LOOP_ANALYSIS = YES;
				CLANG_WARN_STRICT_PROTOTYPES = YES;
				CLANG_WARN_SUSPICIOUS_MOVE = YES;
				CLANG_WARN_UNGUARDED_AVAILABILITY = YES_AGGRESSIVE;
				CLANG_WARN_UNREACHABLE_CODE = YES;
				CLANG_WARN__DUPLICATE_METHOD_MATCH = YES;
				COPY_PHASE_STRIP = NO;
				DEBUG_INFORMATION_FORMAT = dwarf;
				ENABLE_STRICT_OBJC_MSGSEND = YES;
				ENABLE_TESTABILITY = YES;
				GCC_C_LANGUAGE_STANDARD = gnu11;
				GCC_DYNAMIC_NO_PIC = NO;
				GCC_NO_COMMON_BLOCKS = YES;
				GCC_OPTIMIZATION_LEVEL = 0;
				GCC_PREPROCESSOR_DEFINITIONS = (
					"DEBUG=1",
					"$(inherited)",
				);
				GCC_WARN_64_TO_32_BIT_CONVERSION = YES;
				GCC_WARN_ABOUT_RETURN_TYPE = YES_ERROR;
				GCC_WARN_UNDECLARED_SELECTOR = YES;
				GCC_WARN_UNINITIALIZED_AUTOS = YES_AGGRESSIVE;
				GCC_WARN_UNUSED_FUNCTION = YES;
				GCC_WARN_UNUSED_VARIABLE = YES;
				IPHONEOS_DEPLOYMENT_TARGET = 14.4;
				MTL_ENABLE_DEBUG_INFO = INCLUDE_SOURCE;
				MTL_FAST_MATH = YES;
				ONLY_ACTIVE_ARCH = YES;
				SDKROOT = iphoneos;
			};
			name = Debug;
		};
		013263522623DB3900908F61 /* Release */ = {
			isa = XCBuildConfiguration;
			buildSettings = {
				ALWAYS_SEARCH_USER_PATHS = NO;
				CLANG_ANALYZER_NONNULL = YES;
				CLANG_ANALYZER_NUMBER_OBJECT_CONVERSION = YES_AGGRESSIVE;
				CLANG_CXX_LANGUAGE_STANDARD = "gnu++14";
				CLANG_CXX_LIBRARY = "libc++";
				CLANG_ENABLE_MODULES = YES;
				CLANG_ENABLE_OBJC_ARC = YES;
				CLANG_ENABLE_OBJC_WEAK = YES;
				CLANG_WARN_BLOCK_CAPTURE_AUTORELEASING = YES;
				CLANG_WARN_BOOL_CONVERSION = YES;
				CLANG_WARN_COMMA = YES;
				CLANG_WARN_CONSTANT_CONVERSION = YES;
				CLANG_WARN_DEPRECATED_OBJC_IMPLEMENTATIONS = YES;
				CLANG_WARN_DIRECT_OBJC_ISA_USAGE = YES_ERROR;
				CLANG_WARN_DOCUMENTATION_COMMENTS = YES;
				CLANG_WARN_EMPTY_BODY = YES;
				CLANG_WARN_ENUM_CONVERSION = YES;
				CLANG_WARN_INFINITE_RECURSION = YES;
				CLANG_WARN_INT_CONVERSION = YES;
				CLANG_WARN_NON_LITERAL_NULL_CONVERSION = YES;
				CLANG_WARN_OBJC_IMPLICIT_RETAIN_SELF = YES;
				CLANG_WARN_OBJC_LITERAL_CONVERSION = YES;
				CLANG_WARN_OBJC_ROOT_CLASS = YES_ERROR;
				CLANG_WARN_QUOTED_INCLUDE_IN_FRAMEWORK_HEADER = YES;
				CLANG_WARN_RANGE_LOOP_ANALYSIS = YES;
				CLANG_WARN_STRICT_PROTOTYPES = YES;
				CLANG_WARN_SUSPICIOUS_MOVE = YES;
				CLANG_WARN_UNGUARDED_AVAILABILITY = YES_AGGRESSIVE;
				CLANG_WARN_UNREACHABLE_CODE = YES;
				CLANG_WARN__DUPLICATE_METHOD_MATCH = YES;
				COPY_PHASE_STRIP = NO;
				DEBUG_INFORMATION_FORMAT = "dwarf-with-dsym";
				ENABLE_NS_ASSERTIONS = NO;
				ENABLE_STRICT_OBJC_MSGSEND = YES;
				GCC_C_LANGUAGE_STANDARD = gnu11;
				GCC_NO_COMMON_BLOCKS = YES;
				GCC_WARN_64_TO_32_BIT_CONVERSION = YES;
				GCC_WARN_ABOUT_RETURN_TYPE = YES_ERROR;
				GCC_WARN_UNDECLARED_SELECTOR = YES;
				GCC_WARN_UNINITIALIZED_AUTOS = YES_AGGRESSIVE;
				GCC_WARN_UNUSED_FUNCTION = YES;
				GCC_WARN_UNUSED_VARIABLE = YES;
				IPHONEOS_DEPLOYMENT_TARGET = 14.4;
				MTL_ENABLE_DEBUG_INFO = NO;
				MTL_FAST_MATH = YES;
				SDKROOT = iphoneos;
				VALIDATE_PRODUCT = YES;
			};
			name = Release;
		};
		013263542623DB3900908F61 /* Debug */ = {
			isa = XCBuildConfiguration;
			baseConfigurationReference = 40ACC67F0085C3A734D0521C /* Pods-MTHotPatch-RN.debug.xcconfig */;
			buildSettings = {
				ASSETCATALOG_COMPILER_APPICON_NAME = AppIcon;
				ASSETCATALOG_COMPILER_GLOBAL_ACCENT_COLOR_NAME = AccentColor;
				CODE_SIGN_STYLE = Automatic;
				DEVELOPMENT_TEAM = ZA2768Z783;
				INFOPLIST_FILE = "MTHotPatch-RN/Info.plist";
				LD_RUNPATH_SEARCH_PATHS = (
					"$(inherited)",
					"@executable_path/Frameworks",
				);
				PRODUCT_BUNDLE_IDENTIFIER = "com.dxw.MTHotPatch-RN";
				PRODUCT_NAME = "$(TARGET_NAME)";
				TARGETED_DEVICE_FAMILY = "1,2";
			};
			name = Debug;
		};
		013263552623DB3900908F61 /* Release */ = {
			isa = XCBuildConfiguration;
			baseConfigurationReference = E56638B20574F6C3881A787A /* Pods-MTHotPatch-RN.release.xcconfig */;
			buildSettings = {
				ASSETCATALOG_COMPILER_APPICON_NAME = AppIcon;
				ASSETCATALOG_COMPILER_GLOBAL_ACCENT_COLOR_NAME = AccentColor;
				CODE_SIGN_STYLE = Automatic;
				DEVELOPMENT_TEAM = ZA2768Z783;
				INFOPLIST_FILE = "MTHotPatch-RN/Info.plist";
				LD_RUNPATH_SEARCH_PATHS = (
					"$(inherited)",
					"@executable_path/Frameworks",
				);
				PRODUCT_BUNDLE_IDENTIFIER = "com.dxw.MTHotPatch-RN";
				PRODUCT_NAME = "$(TARGET_NAME)";
				TARGETED_DEVICE_FAMILY = "1,2";
			};
			name = Release;
		};
		013263572623DB3900908F61 /* Debug */ = {
			isa = XCBuildConfiguration;
			baseConfigurationReference = 6800CED1A65B2A168F0502C0 /* Pods-MTHotPatch-RNTests.debug.xcconfig */;
			buildSettings = {
				BUNDLE_LOADER = "$(TEST_HOST)";
				CODE_SIGN_STYLE = Automatic;
				DEVELOPMENT_TEAM = ZA2768Z783;
				INFOPLIST_FILE = "MTHotPatch-RNTests/Info.plist";
				IPHONEOS_DEPLOYMENT_TARGET = 14.4;
				LD_RUNPATH_SEARCH_PATHS = (
					"$(inherited)",
					"@executable_path/Frameworks",
					"@loader_path/Frameworks",
				);
				PRODUCT_BUNDLE_IDENTIFIER = "com.dxw.MTHotPatch-RNTests";
				PRODUCT_NAME = "$(TARGET_NAME)";
				TARGETED_DEVICE_FAMILY = "1,2";
				TEST_HOST = "$(BUILT_PRODUCTS_DIR)/MTHotPatch-RN.app/MTHotPatch-RN";
			};
			name = Debug;
		};
		013263582623DB3900908F61 /* Release */ = {
			isa = XCBuildConfiguration;
			baseConfigurationReference = 9E5E7EE92B053330B9059205 /* Pods-MTHotPatch-RNTests.release.xcconfig */;
			buildSettings = {
				BUNDLE_LOADER = "$(TEST_HOST)";
				CODE_SIGN_STYLE = Automatic;
				DEVELOPMENT_TEAM = ZA2768Z783;
				INFOPLIST_FILE = "MTHotPatch-RNTests/Info.plist";
				IPHONEOS_DEPLOYMENT_TARGET = 14.4;
				LD_RUNPATH_SEARCH_PATHS = (
					"$(inherited)",
					"@executable_path/Frameworks",
					"@loader_path/Frameworks",
				);
				PRODUCT_BUNDLE_IDENTIFIER = "com.dxw.MTHotPatch-RNTests";
				PRODUCT_NAME = "$(TARGET_NAME)";
				TARGETED_DEVICE_FAMILY = "1,2";
				TEST_HOST = "$(BUILT_PRODUCTS_DIR)/MTHotPatch-RN.app/MTHotPatch-RN";
			};
			name = Release;
		};
		0132635A2623DB3900908F61 /* Debug */ = {
			isa = XCBuildConfiguration;
			baseConfigurationReference = 320A14BE3BEED88CCA07719B /* Pods-MTHotPatch-RN-MTHotPatch-RNUITests.debug.xcconfig */;
			buildSettings = {
				CODE_SIGN_STYLE = Automatic;
				DEVELOPMENT_TEAM = ZA2768Z783;
				INFOPLIST_FILE = "MTHotPatch-RNUITests/Info.plist";
				LD_RUNPATH_SEARCH_PATHS = (
					"$(inherited)",
					"@executable_path/Frameworks",
					"@loader_path/Frameworks",
				);
				PRODUCT_BUNDLE_IDENTIFIER = "com.dxw.MTHotPatch-RNUITests";
				PRODUCT_NAME = "$(TARGET_NAME)";
				TARGETED_DEVICE_FAMILY = "1,2";
				TEST_TARGET_NAME = "MTHotPatch-RN";
			};
			name = Debug;
		};
		0132635B2623DB3900908F61 /* Release */ = {
			isa = XCBuildConfiguration;
			baseConfigurationReference = 98F7E9867502ACABA72DF96A /* Pods-MTHotPatch-RN-MTHotPatch-RNUITests.release.xcconfig */;
			buildSettings = {
				CODE_SIGN_STYLE = Automatic;
				DEVELOPMENT_TEAM = ZA2768Z783;
				INFOPLIST_FILE = "MTHotPatch-RNUITests/Info.plist";
				LD_RUNPATH_SEARCH_PATHS = (
					"$(inherited)",
					"@executable_path/Frameworks",
					"@loader_path/Frameworks",
				);
				PRODUCT_BUNDLE_IDENTIFIER = "com.dxw.MTHotPatch-RNUITests";
				PRODUCT_NAME = "$(TARGET_NAME)";
				TARGETED_DEVICE_FAMILY = "1,2";
				TEST_TARGET_NAME = "MTHotPatch-RN";
			};
			name = Release;
		};
/* End XCBuildConfiguration section */

/* Begin XCConfigurationList section */
		0132631F2623DB3600908F61 /* Build configuration list for PBXProject "MTHotPatch-RN" */ = {
			isa = XCConfigurationList;
			buildConfigurations = (
				013263512623DB3900908F61 /* Debug */,
				013263522623DB3900908F61 /* Release */,
			);
			defaultConfigurationIsVisible = 0;
			defaultConfigurationName = Release;
		};
		013263532623DB3900908F61 /* Build configuration list for PBXNativeTarget "MTHotPatch-RN" */ = {
			isa = XCConfigurationList;
			buildConfigurations = (
				013263542623DB3900908F61 /* Debug */,
				013263552623DB3900908F61 /* Release */,
			);
			defaultConfigurationIsVisible = 0;
			defaultConfigurationName = Release;
		};
		013263562623DB3900908F61 /* Build configuration list for PBXNativeTarget "MTHotPatch-RNTests" */ = {
			isa = XCConfigurationList;
			buildConfigurations = (
				013263572623DB3900908F61 /* Debug */,
				013263582623DB3900908F61 /* Release */,
			);
			defaultConfigurationIsVisible = 0;
			defaultConfigurationName = Release;
		};
		013263592623DB3900908F61 /* Build configuration list for PBXNativeTarget "MTHotPatch-RNUITests" */ = {
			isa = XCConfigurationList;
			buildConfigurations = (
				0132635A2623DB3900908F61 /* Debug */,
				0132635B2623DB3900908F61 /* Release */,
			);
			defaultConfigurationIsVisible = 0;
			defaultConfigurationName = Release;
		};
/* End XCConfigurationList section */
	};
	rootObject = 0132631C2623DB3600908F61 /* Project object */;
}
